
Microsoft Visual Studio Solution File, Format Version 12.00
# Visual Studio Version 17
VisualStudioVersion = 17.9.34728.123
MinimumVisualStudioVersion = 10.0.40219.1
Project("{FAE04EC0-301F-11D3-BF4B-00C04F79EFBC}") = "SampleApi", "SampleApi\SampleApi.csproj", "{7EBE7503-2DD5-4567-911B-85A04C1E73D9}"
EndProject
Global
	GlobalSection(SolutionConfigurationPlatforms) = preSolution
		Debug|Any CPU = Debug|Any CPU
		Release|Any CPU = Release|Any CPU
	EndGlobalSection
	GlobalSection(ProjectConfigurationPlatforms) = postSolution
		{7EBE7503-2DD5-4567-911B-85A04C1E73D9}.Debug|Any CPU.ActiveCfg = Debug|Any CPU
		{7EBE7503-2DD5-4567-911B-85A04C1E73D9}.Debug|Any CPU.Build.0 = Debug|Any CPU
		{7EBE7503-2DD5-4567-911B-85A04C1E73D9}.Release|Any CPU.ActiveCfg = Release|Any CPU
		{7EBE7503-2DD5-4567-911B-85A04C1E73D9}.Release|Any CPU.Build.0 = Release|Any CPU
	EndGlobalSection
	GlobalSection(SolutionProperties) = preSolution
		HideSolutionNode = FALSE
	EndGlobalSection
	GlobalSection(ExtensibilityGlobals) = postSolution
		SolutionGuid = {DBDEEEDA-34F5-4D58-A5AA-EB1F7AB1282A}
	EndGlobalSection
EndGlobal
