
Microsoft Visual Studio Solution File, Format Version 12.00
# Visual Studio Version 17
VisualStudioVersion = 17.9.34728.123
MinimumVisualStudioVersion = 10.0.40219.1
Project("{FAE04EC0-301F-11D3-BF4B-00C04F79EFBC}") = "CowBullApplication", "CowBullApplication\CowBullApplication.csproj", "{36036371-F72A-4244-9533-ABA8C8E0EA89}"
EndProject
Global
	GlobalSection(SolutionConfigurationPlatforms) = preSolution
		Debug|Any CPU = Debug|Any CPU
		Release|Any CPU = Release|Any CPU
	EndGlobalSection
	GlobalSection(ProjectConfigurationPlatforms) = postSolution
		{36036371-F72A-4244-9533-ABA8C8E0EA89}.Debug|Any CPU.ActiveCfg = Debug|Any CPU
		{36036371-F72A-4244-9533-ABA8C8E0EA89}.Debug|Any CPU.Build.0 = Debug|Any CPU
		{36036371-F72A-4244-9533-ABA8C8E0EA89}.Release|Any CPU.ActiveCfg = Release|Any CPU
		{36036371-F72A-4244-9533-ABA8C8E0EA89}.Release|Any CPU.Build.0 = Release|Any CPU
	EndGlobalSection
	GlobalSection(SolutionProperties) = preSolution
		HideSolutionNode = FALSE
	EndGlobalSection
	GlobalSection(ExtensibilityGlobals) = postSolution
		SolutionGuid = {36C14B40-7DBC-4F78-8E42-125E5641B4E0}
	EndGlobalSection
EndGlobal
